
Microsoft Visual Studio Solution File, Format Version 12.00
# Visual Studio Version 17
VisualStudioVersion = 17.7.34024.191
MinimumVisualStudioVersion = 10.0.40219.1
Project("{9A19103F-16F7-4668-BE54-9A1E7A4F7556}") = "CoursesApp", "CoursesApp\CoursesApp.csproj", "{00B03A0E-362D-4608-B470-EB8700D62D4A}"
EndProject
Project("{9A19103F-16F7-4668-BE54-9A1E7A4F7556}") = "Domain", "Domain\Domain.csproj", "{F5F9BFAD-AD74-4905-86B5-AA66F7FDEA4D}"
EndProject
Project("{FAE04EC0-301F-11D3-BF4B-00C04F79EFBC}") = "CoursesWebb", "CoursesWebb\CoursesWebb.csproj", "{0A777395-2FF1-4000-B0FD-AF09A058C49D}"
EndProject
Global
	GlobalSection(SolutionConfigurationPlatforms) = preSolution
		Debug|Any CPU = Debug|Any CPU
		Release|Any CPU = Release|Any CPU
	EndGlobalSection
	GlobalSection(ProjectConfigurationPlatforms) = postSolution
		{00B03A0E-362D-4608-B470-EB8700D62D4A}.Debug|Any CPU.ActiveCfg = Debug|Any CPU
		{00B03A0E-362D-4608-B470-EB8700D62D4A}.Debug|Any CPU.Build.0 = Debug|Any CPU
		{00B03A0E-362D-4608-B470-EB8700D62D4A}.Release|Any CPU.ActiveCfg = Release|Any CPU
		{00B03A0E-362D-4608-B470-EB8700D62D4A}.Release|Any CPU.Build.0 = Release|Any CPU
		{F5F9BFAD-AD74-4905-86B5-AA66F7FDEA4D}.Debug|Any CPU.ActiveCfg = Debug|Any CPU
		{F5F9BFAD-AD74-4905-86B5-AA66F7FDEA4D}.Debug|Any CPU.Build.0 = Debug|Any CPU
		{F5F9BFAD-AD74-4905-86B5-AA66F7FDEA4D}.Release|Any CPU.ActiveCfg = Release|Any CPU
		{F5F9BFAD-AD74-4905-86B5-AA66F7FDEA4D}.Release|Any CPU.Build.0 = Release|Any CPU
		{0A777395-2FF1-4000-B0FD-AF09A058C49D}.Debug|Any CPU.ActiveCfg = Debug|Any CPU
		{0A777395-2FF1-4000-B0FD-AF09A058C49D}.Debug|Any CPU.Build.0 = Debug|Any CPU
		{0A777395-2FF1-4000-B0FD-AF09A058C49D}.Release|Any CPU.ActiveCfg = Release|Any CPU
		{0A777395-2FF1-4000-B0FD-AF09A058C49D}.Release|Any CPU.Build.0 = Release|Any CPU
	EndGlobalSection
	GlobalSection(SolutionProperties) = preSolution
		HideSolutionNode = FALSE
	EndGlobalSection
	GlobalSection(ExtensibilityGlobals) = postSolution
		SolutionGuid = {6D304996-2746-4AE3-81B4-3C408F75AD0B}
	EndGlobalSection
EndGlobal
